
Microsoft Visual Studio Solution File, Format Version 12.00
# Visual Studio Version 16
VisualStudioVersion = 16.0.29209.62
MinimumVisualStudioVersion = 10.0.40219.1
Project("{9A19103F-16F7-4668-BE54-9A1E7A4F7556}") = "ModerationBot", "ModerationBot\ModerationBot.csproj", "{351E1C71-CF2D-4546-A4CD-3EFFE6659254}"
EndProject
Global
	GlobalSection(SolutionConfigurationPlatforms) = preSolution
		Debug|Any CPU = Debug|Any CPU
		Release|Any CPU = Release|Any CPU
	EndGlobalSection
	GlobalSection(ProjectConfigurationPlatforms) = postSolution
		{351E1C71-CF2D-4546-A4CD-3EFFE6659254}.Debug|Any CPU.ActiveCfg = Debug|Any CPU
		{351E1C71-CF2D-4546-A4CD-3EFFE6659254}.Debug|Any CPU.Build.0 = Debug|Any CPU
		{351E1C71-CF2D-4546-A4CD-3EFFE6659254}.Release|Any CPU.ActiveCfg = Release|Any CPU
		{351E1C71-CF2D-4546-A4CD-3EFFE6659254}.Release|Any CPU.Build.0 = Release|Any CPU
	EndGlobalSection
	GlobalSection(SolutionProperties) = preSolution
		HideSolutionNode = FALSE
	EndGlobalSection
	GlobalSection(ExtensibilityGlobals) = postSolution
		SolutionGuid = {73092D8F-8B2F-45CE-A731-F8F4FC783776}
	EndGlobalSection
EndGlobal
